
Microsoft Visual Studio Solution File, Format Version 12.00
# Visual Studio Version 17
VisualStudioVersion = 17.7.34031.279
MinimumVisualStudioVersion = 10.0.40219.1
Project("{FAE04EC0-301F-11D3-BF4B-00C04F79EFBC}") = "Calculator", "Calculator\Calculator.csproj", "{63B2594D-1DDB-4232-B481-1743BCC08CDB}"
EndProject
Global
	GlobalSection(SolutionConfigurationPlatforms) = preSolution
		Debug|Any CPU = Debug|Any CPU
		Release|Any CPU = Release|Any CPU
	EndGlobalSection
	GlobalSection(ProjectConfigurationPlatforms) = postSolution
		{63B2594D-1DDB-4232-B481-1743BCC08CDB}.Debug|Any CPU.ActiveCfg = Debug|Any CPU
		{63B2594D-1DDB-4232-B481-1743BCC08CDB}.Debug|Any CPU.Build.0 = Debug|Any CPU
		{63B2594D-1DDB-4232-B481-1743BCC08CDB}.Release|Any CPU.ActiveCfg = Release|Any CPU
		{63B2594D-1DDB-4232-B481-1743BCC08CDB}.Release|Any CPU.Build.0 = Release|Any CPU
	EndGlobalSection
	GlobalSection(SolutionProperties) = preSolution
		HideSolutionNode = FALSE
	EndGlobalSection
	GlobalSection(ExtensibilityGlobals) = postSolution
		SolutionGuid = {7CB67FA0-A4DA-45C7-9025-F49CBF464647}
	EndGlobalSection
EndGlobal
